# THIS IS AN AUTOGENERATED FILE. DO NOT EDIT THIS FILE DIRECTLY.
assets/77ecc960973800bc72474ed1798c32e9.js:
  development: 2018-04-16T11:33:58-04:00   b2f291522f093f0b3f512656f2a7c122
  production: 2018-02-27T12:53:07-05:00   b2f291522f093f0b3f512656f2a7c122
assets/BuzzFeed.png:
  development: 2018-04-16T11:33:58-04:00   36ec2242bd0447b75836a473aa9dcd7d
  production: 2018-03-29T11:06:52-04:00   36ec2242bd0447b75836a473aa9dcd7d
assets/CNN.png:
  development: 2018-04-16T11:33:58-04:00   e774b0ef0d4d34e5fe44a5bca6ae9f3a
  production: 2018-03-29T11:07:15-04:00   e774b0ef0d4d34e5fe44a5bca6ae9f3a
assets/Full-Shot-2016_no_bg_6pk_b.png:
  development: 2018-04-16T11:33:58-04:00   eac87a499d941491e13dacd1ad352dbd
  production: 2018-03-29T11:06:47-04:00   eac87a499d941491e13dacd1ad352dbd
assets/Full-Shot-2016_no_bg_low.png:
  development: 2018-04-16T11:33:58-04:00   11b401731ad7a79371c19f9610cf118d
  production: 2018-03-29T11:06:45-04:00   11b401731ad7a79371c19f9610cf118d
assets/Holiday-Product.png:
  development: 2018-04-16T11:33:59-04:00   a02c8bb0d3927800dda344e4eb05ccea
  production: 2018-03-29T11:06:10-04:00   a02c8bb0d3927800dda344e4eb05ccea
assets/Inc.png:
  development: 2018-04-16T11:33:59-04:00   a400d33eaa24513e3f31f1963647f85e
  production: 2018-03-29T11:06:50-04:00   a400d33eaa24513e3f31f1963647f85e
assets/Instagram_Shop.jpg:
  development: 2018-04-16T11:33:59-04:00   897a0fac401a972aa951bfb8780c0d9f
  production: 2018-03-29T11:07:07-04:00   897a0fac401a972aa951bfb8780c0d9f
assets/Mashable.png:
  development: 2018-04-16T11:33:59-04:00   516ee036f0c7394fadcb412da2ca7df2
  production: 2018-03-29T11:06:47-04:00   516ee036f0c7394fadcb412da2ca7df2
assets/airplane.png:
  development: 2018-04-16T11:33:59-04:00   8769667b3c3fb8267bf3c4a47eed9512
  production: 2018-03-29T11:06:14-04:00   8769667b3c3fb8267bf3c4a47eed9512
assets/app.js.liquid:
  development: 2018-04-23T12:28:37-04:00   8b2613f1a888b39ab41e68d054525b87
  production: 2018-04-20T14:04:52-04:00   8b2613f1a888b39ab41e68d054525b87
assets/blank.gif:
  development: 2018-04-16T11:34:00-04:00   325472601571f31e1bf00674c368d335
  production: 2018-02-27T12:53:08-05:00   325472601571f31e1bf00674c368d335
assets/bms-ajax-subscription-page.js.liquid:
  development: 2018-04-18T13:00:49-04:00   83e5d03073a5aee3a8b61f464cccdff3
  production: 2018-04-13T14:00:33-04:00   83e5d03073a5aee3a8b61f464cccdff3
assets/bms-custom-ro-loader.js.liquid:
  development: 2018-04-18T13:00:48-04:00   0f01cdca34b4cde1609529470a4dc90b
  production: 2018-04-13T14:01:31-04:00   0f01cdca34b4cde1609529470a4dc90b
assets/bms-custom-styles.scss.liquid:
  development: 2018-04-23T16:47:39-04:00   97fa180e4e87b51f0f32072e3bd28302
  production: 2018-04-13T14:00:41-04:00   315a504a17c2b102c25c1b0f7a97c45b
assets/bms-styles.css.liquid:
  development: 2018-04-23T12:28:36-04:00   951048e644a1695baebeccea25953c54
  production: 2018-04-20T14:03:51-04:00   951048e644a1695baebeccea25953c54
assets/bold-checkout-options.js:
  development: 2018-04-18T13:00:48-04:00   1cd192033fae68dbb310fbf280b80426
  production: 2018-04-17T11:26:05-04:00   1cd192033fae68dbb310fbf280b80426
assets/bold-ro.js.liquid:
  development: 2018-04-16T11:34:00-04:00   27fc6f75dfb8022c6633e02f08a0ff46
  production: 2018-02-28T10:55:15-05:00   27fc6f75dfb8022c6633e02f08a0ff46
assets/bulkSubscription.png:
  development: 2018-04-16T11:34:00-04:00   07ebeec06762c1991e8f6a729df45ab3
  production: 2018-03-29T11:07:07-04:00   07ebeec06762c1991e8f6a729df45ab3
assets/cloudzoom.js:
  development: 2018-04-16T11:34:00-04:00   bcd3e0c1af1cbd274069b192f35ab930
  production: 2018-02-27T12:53:08-05:00   bcd3e0c1af1cbd274069b192f35ab930
assets/custom-socks.jpg:
  development: 2018-04-16T11:34:01-04:00   3d16a4a0c7b1cd598f4514413235bb9e
  production: 2018-03-29T11:06:34-04:00   3d16a4a0c7b1cd598f4514413235bb9e
assets/customize.png:
  development: 2018-04-16T11:34:01-04:00   9e613971de460df73d358e94cf0571f9
  production: 2018-03-29T11:06:33-04:00   9e613971de460df73d358e94cf0571f9
assets/exchange_logo.png:
  development: 2018-04-16T11:34:01-04:00   ffe13451c931dde325dcd33d196b19e3
  production: 2018-03-29T11:06:25-04:00   ffe13451c931dde325dcd33d196b19e3
assets/favicon.png:
  development: 2018-04-16T11:34:01-04:00   c7f7681bcb67cd394e50fc7cbcc83351
  production: 2018-04-13T14:01:09-04:00   c7f7681bcb67cd394e50fc7cbcc83351
assets/featured_in.jpg:
  development: 2018-04-16T11:34:01-04:00   adfbd9f35d9037cc56b4b9cd77cac94d
  production: 2018-03-29T11:06:16-04:00   adfbd9f35d9037cc56b4b9cd77cac94d
assets/gift-card.scss.liquid:
  development: 2018-04-16T11:34:01-04:00   0f053b420a95d20a6d2ac9f7bba71fc6
  production: 2018-02-27T12:53:08-05:00   0f053b420a95d20a6d2ac9f7bba71fc6
assets/howitworks.jpg:
  development: 2018-04-16T11:34:02-04:00   70cf23e6131537ed97e944e3e3b1a0b8
  production: 2018-03-29T11:07:22-04:00   70cf23e6131537ed97e944e3e3b1a0b8
assets/ie.css.liquid:
  development: 2018-04-16T11:34:02-04:00   875b882a8e987611d1c1f528f8c7eed6
  production: 2018-02-27T12:53:08-05:00   875b882a8e987611d1c1f528f8c7eed6
assets/jquery.cart.min.js:
  development: 2018-04-16T11:34:02-04:00   14b6455b559d83db52ccc2188a462deb
  production: 2018-02-27T12:53:08-05:00   14b6455b559d83db52ccc2188a462deb
assets/jquery.currencies.min.js:
  development: 2018-04-17T13:38:58-04:00   b6c9dc6f9c9b59ba9d9f3d4c1a617f17
  production: 2018-03-29T11:03:29-04:00   b6c9dc6f9c9b59ba9d9f3d4c1a617f17
assets/lity.css:
  development: 2018-04-18T13:00:50-04:00   4a7f6d38c291e7170161a27c607b396c
  production: 2018-04-13T14:01:46-04:00   4a7f6d38c291e7170161a27c607b396c
assets/lity.js:
  development: 2018-04-18T13:00:47-04:00   4dce6e1d3f00e4ebf17d819dab43c390
  production: 2018-04-13T14:01:48-04:00   4dce6e1d3f00e4ebf17d819dab43c390
assets/loader.gif:
  development: 2018-04-16T11:34:02-04:00   ae8189a1eda896ee867dcd220d45eef6
  production: 2018-02-27T12:53:09-05:00   ae8189a1eda896ee867dcd220d45eef6
assets/loader2x.gif:
  development: 2018-04-16T11:34:02-04:00   5a2947183e2989a31c9a88d69892cab2
  production: 2018-02-27T12:53:09-05:00   5a2947183e2989a31c9a88d69892cab2
assets/ootsb.eot:
  development: 2018-04-16T11:34:03-04:00   d04218cf227478bbc798839052318b77
  production: 2018-02-27T12:53:09-05:00   d04218cf227478bbc798839052318b77
assets/ootsb.svg:
  development: 2018-04-16T11:34:03-04:00   05858a84daaa864f7f1174cd9992ff69
  production: 2018-02-27T12:53:09-05:00   05858a84daaa864f7f1174cd9992ff69
assets/ootsb.ttf:
  development: 2018-04-16T11:34:03-04:00   846397f45cb1ee265c8bb276081afb8a
  production: 2018-02-27T12:53:09-05:00   846397f45cb1ee265c8bb276081afb8a
assets/ootsb.woff:
  development: 2018-04-16T11:34:03-04:00   ff2cd74094d14b9b37ce004d819ddb0e
  production: 2018-02-27T12:53:09-05:00   ff2cd74094d14b9b37ce004d819ddb0e
assets/password-page-background.jpg:
  development: 2018-04-16T11:34:04-04:00   7dd4dbe94233e457a64954cd75112db9
  production: 2018-02-27T12:53:09-05:00   7dd4dbe94233e457a64954cd75112db9
assets/placeholder.svg:
  development: 2018-04-16T11:34:04-04:00   6a411851f3481c054f16c35a0eb11f99
  production: 2018-02-27T12:53:09-05:00   6a411851f3481c054f16c35a0eb11f99
assets/play-circle.svg:
  development: 2018-04-16T11:34:04-04:00   19a2299c3ad985dd12bf5656a2b6ca25
  production: 2018-03-29T11:02:50-04:00   19a2299c3ad985dd12bf5656a2b6ca25
assets/satisfaction.png:
  development: 2018-04-16T11:34:04-04:00   a90dde3a4b76d11fbbedcf4c687168b6
  production: 2018-03-29T11:06:34-04:00   a90dde3a4b76d11fbbedcf4c687168b6
assets/search.jpg:
  development: 2018-04-16T11:34:04-04:00   fd6de5401d3a484cb514b941c7fd8157
  production: 2018-02-27T12:53:10-05:00   fd6de5401d3a484cb514b941c7fd8157
assets/search2x.jpg:
  development: 2018-04-16T11:34:04-04:00   aec2fdccc05c43ad0adaac6e853a9c65
  production: 2018-02-27T12:53:10-05:00   aec2fdccc05c43ad0adaac6e853a9c65
assets/select.png:
  development: 2018-04-16T11:34:05-04:00   7c8efc136ac482b05038aac5eadfb230
  production: 2018-04-13T14:00:59-04:00   7c8efc136ac482b05038aac5eadfb230
assets/skrollr.ie.js:
  development: 2018-04-16T11:34:05-04:00   07c0923a26712dfaf46f27cfebfacfce
  production: 2018-02-27T12:53:10-05:00   07c0923a26712dfaf46f27cfebfacfce
assets/socks.png:
  development: 2018-04-16T11:34:05-04:00   25e08949ba72f3d8f3c342ed134783ee
  production: 2018-03-29T11:06:15-04:00   25e08949ba72f3d8f3c342ed134783ee
assets/soldout.png:
  development: 2018-04-16T11:34:05-04:00   6a7697db19e17aae7568e216c2b365af
  production: 2018-04-13T14:00:32-04:00   6a7697db19e17aae7568e216c2b365af
assets/styles.scss.liquid:
  development: 2018-04-23T12:28:40-04:00   39bb99072293499d36ed5436d1131ae9
  production: 2018-04-20T14:04:50-04:00   39bb99072293499d36ed5436d1131ae9
assets/subscription_bg.jpg:
  development: 2018-04-16T11:34:06-04:00   667895fe7ca892079d200cb03d891232
  production: 2018-03-29T11:07:12-04:00   667895fe7ca892079d200cb03d891232
assets/unwrap.png:
  development: 2018-04-16T11:34:06-04:00   316f66f91fa2a571d4e48ac02cff22d3
  production: 2018-03-29T11:06:18-04:00   316f66f91fa2a571d4e48ac02cff22d3
assets/zendesk-embeddable.js:
  development: 2018-04-16T11:34:06-04:00   2241cec5637b5d288e343c040ac9486f
  production: 2018-02-27T19:28:24-05:00   2241cec5637b5d288e343c040ac9486f
config/settings_data.json:
  development: 2018-04-23T12:28:46-04:00   0d41dab0db49e16b8a343570b4c81e3d
  production: 2018-04-16T11:40:23-04:00   0d41dab0db49e16b8a343570b4c81e3d
config/settings_schema.json:
  development: 2018-04-16T11:34:10-04:00   3d851d0102f3b547f2f456c0dff998f7
  production: 2018-02-28T10:55:13-05:00   3d851d0102f3b547f2f456c0dff998f7
layout/password.liquid:
  development: 2018-04-16T11:34:06-04:00   cc50890197f3c5f704a1bb3681be7678
  production: 2018-03-23T12:03:04-04:00   cc50890197f3c5f704a1bb3681be7678
layout/theme.liquid:
  development: 2018-04-23T12:42:04-04:00   836362275ce174f658f33583ce7cf069
  production: 2018-04-20T14:03:38-04:00   be72261eb7e5039dddf5ac8ab60d96f2
layout/theme.shogun.landing.liquid:
  development: 2018-04-23T12:28:40-04:00   37a10632dcd947b16f8c6aed9a67f805
  production: 2018-04-20T14:04:31-04:00   37a10632dcd947b16f8c6aed9a67f805
locales/de.json:
  development: 2018-04-16T11:34:06-04:00   c8755f2c8e0a8f63d43629ba51ecb660
  production: 2018-03-29T11:03:07-04:00   c8755f2c8e0a8f63d43629ba51ecb660
locales/en.default.json:
  development: 2018-04-23T14:00:09-04:00   8404c1e725c5720a147d4cba634b7cea
  production: 2018-04-20T14:03:33-04:00   df13ef3f94d8a4fcd0078d1732be4a44
locales/es.json:
  development: 2018-04-16T11:34:06-04:00   575551d5e2a5fede3dbe5af58c308e72
  production: 2018-03-29T11:03:10-04:00   575551d5e2a5fede3dbe5af58c308e72
locales/fr.json:
  development: 2018-04-16T11:34:06-04:00   0dee9676bddca4dc50f09225de05f634
  production: 2018-03-29T11:02:45-04:00   0dee9676bddca4dc50f09225de05f634
locales/pt-BR.json:
  development: 2018-04-16T11:34:06-04:00   32e9ffc1e7ce3726b6141a0407c74d4b
  production: 2018-03-29T11:03:28-04:00   32e9ffc1e7ce3726b6141a0407c74d4b
locales/pt-PT.json:
  development: 2018-04-16T11:34:06-04:00   b3cb95849010f31e9eba653b929c5209
  production: 2018-03-29T11:02:48-04:00   b3cb95849010f31e9eba653b929c5209
locales/zh-CN.json:
  development: 2018-04-16T11:34:06-04:00   41673427b90397fbaf264a9c106ac5fc
  production: 2018-03-29T11:03:26-04:00   41673427b90397fbaf264a9c106ac5fc
sections/article-template.liquid:
  development: 2018-04-16T11:33:56-04:00   e8acc720cad33f4f8578904aebc3c7a7
  production: 2018-03-29T11:03:41-04:00   e8acc720cad33f4f8578904aebc3c7a7
sections/blog-template.liquid:
  development: 2018-04-16T11:33:56-04:00   b650f07d4fb1a78602d93aebd8b07cbf
  production: 2018-03-29T11:03:07-04:00   b650f07d4fb1a78602d93aebd8b07cbf
sections/cart-template.liquid:
  development: 2018-04-16T11:33:56-04:00   451801ba427420f23e153a7be95b86fe
  production: 2018-02-28T10:55:13-05:00   451801ba427420f23e153a7be95b86fe
sections/collection-list.liquid:
  development: 2018-04-16T11:33:56-04:00   50ac21c0f9101a5e2f4873a44431e8a1
  production: 2018-02-27T12:53:04-05:00   50ac21c0f9101a5e2f4873a44431e8a1
sections/collection-sub-collections-template.liquid:
  development: 2018-04-16T11:33:56-04:00   c9dc4e7457bebc887bbd29d9156e9c30
  production: 2018-02-27T12:53:04-05:00   c9dc4e7457bebc887bbd29d9156e9c30
sections/collection-template.liquid:
  development: 2018-04-16T11:33:56-04:00   778d203ce1d13315df32669c28bc4d47
  production: 2018-02-27T12:53:05-05:00   778d203ce1d13315df32669c28bc4d47
sections/contact-form.liquid:
  development: 2018-04-16T11:33:56-04:00   7830c78ac53b5af131bf3b5dcc4bc7e5
  production: 2018-02-27T12:53:05-05:00   7830c78ac53b5af131bf3b5dcc4bc7e5
sections/contact-template.liquid:
  development: 2018-04-16T11:33:56-04:00   30a6ded5701850b7abf731e7ed118ebb
  production: 2018-02-27T12:53:05-05:00   30a6ded5701850b7abf731e7ed118ebb
sections/content-page.liquid:
  development: 2018-04-16T11:33:56-04:00   b74cc03907a3e1837e46c609d24c59d9
  production: 2018-02-27T12:53:05-05:00   b74cc03907a3e1837e46c609d24c59d9
sections/featured-blog.liquid:
  development: 2018-04-16T11:33:56-04:00   193b1dceb764897d80536c4848bf7b94
  production: 2018-02-27T12:53:05-05:00   193b1dceb764897d80536c4848bf7b94
sections/featured-collection.liquid:
  development: 2018-04-16T11:33:56-04:00   fed32c8c290207e0727700edb7eecfee
  production: 2018-02-27T12:53:05-05:00   fed32c8c290207e0727700edb7eecfee
sections/featured-products.liquid:
  development: 2018-04-16T11:33:56-04:00   443aab539dcd8491fd8ff81e8b60e9db
  production: 2018-02-27T12:53:05-05:00   443aab539dcd8491fd8ff81e8b60e9db
sections/featured-promotions.liquid:
  development: 2018-04-16T11:33:56-04:00   01be9ae4cac6dd4697ce40c9bc9e101d
  production: 2018-02-27T12:53:05-05:00   01be9ae4cac6dd4697ce40c9bc9e101d
sections/featured-text.liquid:
  development: 2018-04-16T11:33:56-04:00   34b00777106fcb7efc4fee901ad40ea3
  production: 2018-02-27T12:53:05-05:00   34b00777106fcb7efc4fee901ad40ea3
sections/footer-v2.liquid:
  development: 2018-04-18T13:00:49-04:00   ea28a47d7914e10066f9374b6e27d422
  production: 2018-04-13T14:00:49-04:00   ea28a47d7914e10066f9374b6e27d422
sections/footer.liquid:
  development: 2018-04-16T11:33:56-04:00   3fb8635c218fd172acc1d4fe69a32c04
  production: 2018-02-27T12:53:05-05:00   3fb8635c218fd172acc1d4fe69a32c04
sections/gallery.liquid:
  development: 2018-04-16T11:33:56-04:00   83367edcb8edc12cbd4b9eda870f55ff
  production: 2018-02-27T12:53:05-05:00   83367edcb8edc12cbd4b9eda870f55ff
sections/header.liquid:
  development: 2018-04-23T13:52:03-04:00   87ef952204908907b72bd12b43dff4ac
  production: 2018-04-20T14:04:27-04:00   20fb6ee08f6e41b85e7a25edf8f41da4
sections/home-page.liquid:
  development: 2018-04-23T13:56:35-04:00   e6a1cc4159119741334e8bcc297da337
  production: 2018-04-13T14:00:52-04:00   f6556b0eda6095caa5ef0a4ea5946194
sections/image-text.liquid:
  development: 2018-04-16T11:33:57-04:00   b5589867dcbdb95fad1dcbd43524b25a
  production: 2018-02-27T12:53:06-05:00   b5589867dcbdb95fad1dcbd43524b25a
sections/image-with-text-overlay-section.liquid:
  development: 2018-04-16T11:33:57-04:00   f2a7ba1138319965ba3903012555c9bb
  production: 2018-02-27T12:53:06-05:00   f2a7ba1138319965ba3903012555c9bb
sections/list-collections-template.liquid:
  development: 2018-04-16T11:33:57-04:00   5f73a93ea4b0b1f51baa3c9b91b50658
  production: 2018-02-27T12:53:06-05:00   5f73a93ea4b0b1f51baa3c9b91b50658
sections/logo-bar.liquid:
  development: 2018-04-16T11:33:57-04:00   8d3878c487d9b7252484b3180c25cc32
  production: 2018-02-27T12:53:06-05:00   8d3878c487d9b7252484b3180c25cc32
sections/page-banner-template.liquid:
  development: 2018-04-16T11:33:57-04:00   4d429da71248b2ba333a89341695133b
  production: 2018-02-27T12:53:06-05:00   4d429da71248b2ba333a89341695133b
sections/page-details-template.liquid:
  development: 2018-04-16T11:33:57-04:00   dd3958905ff1ed621020845c6c57a4b8
  production: 2018-02-27T12:53:06-05:00   dd3958905ff1ed621020845c6c57a4b8
sections/page-sidebar-template.liquid:
  development: 2018-04-16T11:33:57-04:00   223e0cecd7a3c3c0aeb390a9a8dea8e4
  production: 2018-02-27T12:53:06-05:00   223e0cecd7a3c3c0aeb390a9a8dea8e4
sections/password-template.liquid:
  development: 2018-04-16T11:33:57-04:00   9f8677a7a303767f686fb9befb819c16
  production: 2018-02-27T12:53:06-05:00   9f8677a7a303767f686fb9befb819c16
sections/product-description-bottom-template.liquid:
  development: 2018-04-16T11:33:57-04:00   8e05b42a15f6a8287bcef519af14b162
  production: 2018-02-27T12:53:06-05:00   8e05b42a15f6a8287bcef519af14b162
sections/product-details-template.liquid:
  development: 2018-04-23T12:28:38-04:00   8cdfa9b99e3896a3fa06b4861c5e0fcb
  production: 2018-04-20T14:04:05-04:00   8cdfa9b99e3896a3fa06b4861c5e0fcb
sections/product-template.liquid:
  development: 2018-04-16T11:33:57-04:00   4cbe56322657f5e066ebcd704e354988
  production: 2018-02-28T10:55:13-05:00   4cbe56322657f5e066ebcd704e354988
sections/search-template.liquid:
  development: 2018-04-16T11:33:57-04:00   d3de24f6c2600ef154d6c93ab703513d
  production: 2018-02-27T12:53:07-05:00   d3de24f6c2600ef154d6c93ab703513d
sections/slideshow.liquid:
  development: 2018-04-16T11:33:57-04:00   4e1f33ad07bdfd9d75e1b2d1572f0816
  production: 2018-02-27T12:53:07-05:00   4e1f33ad07bdfd9d75e1b2d1572f0816
sections/social-feeds.liquid:
  development: 2018-04-16T11:33:57-04:00   2c7ebbec82a0ff578435d59ab3831986
  production: 2018-02-27T12:53:07-05:00   2c7ebbec82a0ff578435d59ab3831986
sections/testimonial.liquid:
  development: 2018-04-16T11:33:57-04:00   af400bdffbc8463cf122a327f4955012
  production: 2018-02-27T12:53:07-05:00   af400bdffbc8463cf122a327f4955012
sections/video.liquid:
  development: 2018-04-16T11:33:58-04:00   bc8c31461f4ae954a70247dbb7e6235e
  production: 2018-02-27T12:53:07-05:00   bc8c31461f4ae954a70247dbb7e6235e
snippets/blog-sidebar.liquid:
  development: 2018-04-16T11:34:07-04:00   3af31079153b958f9ca5c96e91657bd6
  production: 2018-02-27T12:53:11-05:00   3af31079153b958f9ca5c96e91657bd6
snippets/bms-custom-gift-subscription.liquid:
  development: 2018-04-18T13:00:53-04:00   fe8cbada0ae775345d4f32ec407f0259
  production: 2018-04-13T14:00:50-04:00   fe8cbada0ae775345d4f32ec407f0259
snippets/bms-custom-ro-swatches.liquid:
  development: 2018-04-18T12:56:58-04:00   9fb8e7836edb9eba4fe7ed83cb0e74f1
  production: 2018-04-13T14:01:48-04:00   9fb8e7836edb9eba4fe7ed83cb0e74f1
snippets/bms-custom-ro-widget.liquid:
  development: 2018-04-18T12:57:06-04:00   a3aa908e10ff0e4a57d0b707bfcff9f6
  production: 2018-04-13T14:01:24-04:00   a3aa908e10ff0e4a57d0b707bfcff9f6
snippets/bms-custom-subscription-flow.liquid:
  development: 2018-04-18T12:57:08-04:00   94dc7d09db0acef28c3fd2baf2f057f5
  production: 2018-04-13T14:00:36-04:00   94dc7d09db0acef28c3fd2baf2f057f5
snippets/bms-custom-subscription-summary-and-submit.liquid:
  development: 2018-04-18T12:57:11-04:00   fec0be53e3e73b124586c2aea847c6b4
  production: 2018-04-13T14:01:32-04:00   fec0be53e3e73b124586c2aea847c6b4
snippets/bms-custom-swatches.liquid:
  development: 2018-04-18T12:57:16-04:00   3a8722ca037a4bb074108503f7f674ae
  production: 2018-04-13T14:00:41-04:00   3a8722ca037a4bb074108503f7f674ae
snippets/bms-ro-group-id-output.liquid:
  development: 2018-04-18T12:57:21-04:00   07f0ef270ca83e2723247656c82c4665
  production: 2018-04-13T14:01:18-04:00   07f0ef270ca83e2723247656c82c4665
snippets/bms-swatch-element.liquid:
  development: 2018-04-18T12:57:24-04:00   a78b597a678d3c25b2fdf1a1ec302453
  production: 2018-04-13T14:00:57-04:00   a78b597a678d3c25b2fdf1a1ec302453
snippets/bold-cart-item.liquid:
  development: 2018-04-16T11:34:07-04:00   b0d30919720341e7258b6cc6cce6fc10
  production: 2018-02-28T10:55:14-05:00   b0d30919720341e7258b6cc6cce6fc10
snippets/bold-cart.liquid:
  development: 2018-04-16T11:34:07-04:00   3c2ea473ae0518fffe05ff6d1919d312
  production: 2018-02-28T10:55:14-05:00   3c2ea473ae0518fffe05ff6d1919d312
snippets/bold-checkout-customer.liquid:
  development: 2018-04-16T11:34:07-04:00   d338cbf1826dd702d99c60fa6f179374
  production: 2018-03-12T16:44:49-04:00   d338cbf1826dd702d99c60fa6f179374
snippets/bold-checkout-loader.liquid:
  development: 2018-04-23T12:28:45-04:00   f8fdf47d27ccf9700fc20e8c2f6104f2
  production: 2018-04-20T14:03:53-04:00   f8fdf47d27ccf9700fc20e8c2f6104f2
snippets/bold-common.liquid:
  development: 2018-04-23T12:28:45-04:00   059f937a5dadca64bacdc421dd703a4e
  production: 2018-04-20T14:04:27-04:00   059f937a5dadca64bacdc421dd703a4e
snippets/bold-product.liquid:
  development: 2018-04-16T11:34:07-04:00   3989c41f82d7a9a92fef1d8f2a367122
  production: 2018-02-28T10:55:14-05:00   3989c41f82d7a9a92fef1d8f2a367122
snippets/bold-ro-init.liquid:
  development: 2018-04-23T12:28:39-04:00   955e260768ab95b53161a470014861fa
  production: 2018-04-20T14:04:26-04:00   955e260768ab95b53161a470014861fa
snippets/bold-ro-standard-template.liquid:
  development: 2018-04-18T13:00:54-04:00   5ae13c8c63743ab394ba585639bb6e62
  production: 2018-04-13T14:01:15-04:00   5ae13c8c63743ab394ba585639bb6e62
snippets/bold-ro.liquid:
  development: 2018-04-16T11:34:07-04:00   0605762cf3ac071e6667ddea4c394aea
  production: 2018-02-28T10:55:14-05:00   0605762cf3ac071e6667ddea4c394aea
snippets/bold-variant.liquid:
  development: 2018-04-16T11:34:07-04:00   cc5775289782460abf0deff824ebd76a
  production: 2018-02-28T10:55:15-05:00   cc5775289782460abf0deff824ebd76a
snippets/cart-shipping-calculator.liquid:
  development: 2018-04-16T11:34:07-04:00   225a900dcedc596a170a816f2d13ab7b
  production: 2018-02-27T12:53:11-05:00   225a900dcedc596a170a816f2d13ab7b
snippets/collection-loop.liquid:
  development: 2018-04-16T11:34:07-04:00   a56daa67bacdbb30a8e495712b3e891b
  production: 2018-02-27T12:53:11-05:00   a56daa67bacdbb30a8e495712b3e891b
snippets/collection-swatch.liquid:
  development: 2018-04-16T11:34:07-04:00   e6dc615687b03a8dbf4dbeb2a665ef1a
  production: 2018-02-27T12:53:11-05:00   e6dc615687b03a8dbf4dbeb2a665ef1a
snippets/currencies-switcher.liquid:
  development: 2018-04-16T11:34:07-04:00   ba8b3d7438e275c3b46293d985198998
  production: 2018-02-27T12:53:11-05:00   ba8b3d7438e275c3b46293d985198998
snippets/currencies.liquid:
  development: 2018-04-16T11:34:07-04:00   fb1467798447cfc9e70c01b22c2d369b
  production: 2018-02-27T12:53:11-05:00   fb1467798447cfc9e70c01b22c2d369b
snippets/home-page.liquid:
  development: 2018-04-23T12:28:41-04:00   d42567a068588d0cb229d77e5a79e517
  production: 2018-04-20T14:04:12-04:00   d42567a068588d0cb229d77e5a79e517
snippets/newsletter-popup.liquid:
  development: 2018-04-16T11:34:07-04:00   02c22cb18ba15a04fa126d2d561a326c
  production: 2018-02-27T12:53:11-05:00   02c22cb18ba15a04fa126d2d561a326c
snippets/newsletter.liquid:
  development: 2018-04-16T11:34:07-04:00   81e3d750baf2795c1e8974c15d537f35
  production: 2018-02-27T12:53:11-05:00   81e3d750baf2795c1e8974c15d537f35
snippets/page-multi-column.liquid:
  development: 2018-04-16T11:34:07-04:00   38d2921aab7365802beefae5b9e526d6
  production: 2018-02-27T12:53:11-05:00   38d2921aab7365802beefae5b9e526d6
snippets/pagination.liquid:
  development: 2018-04-16T11:34:07-04:00   75826d27e3a4aff9ef8ebe3570d7c882
  production: 2018-02-27T12:53:12-05:00   75826d27e3a4aff9ef8ebe3570d7c882
snippets/product-breadcrumb.liquid:
  development: 2018-04-16T11:34:07-04:00   e464411fb64b4ee3849b8c19e149b44b
  production: 2018-02-27T12:53:12-05:00   e464411fb64b4ee3849b8c19e149b44b
snippets/product-form.liquid:
  development: 2018-04-23T12:28:37-04:00   ecd33bb86c8791f7f955e02f34d83f38
  production: 2018-04-20T14:03:55-04:00   ecd33bb86c8791f7f955e02f34d83f38
snippets/product-images.liquid:
  development: 2018-04-16T11:34:08-04:00   50b612100112866dba30403d4540b9d4
  production: 2018-02-27T12:53:12-05:00   50b612100112866dba30403d4540b9d4
snippets/product-loop-related.liquid:
  development: 2018-04-18T13:00:59-04:00   a241d209cb79cd752fdb4224a07bf08e
  production: 2018-04-13T14:00:55-04:00   a241d209cb79cd752fdb4224a07bf08e
snippets/product-loop.liquid:
  development: 2018-04-16T11:34:08-04:00   39217136c9e33a6ece7cd4e224996167
  production: 2018-02-27T12:53:12-05:00   39217136c9e33a6ece7cd4e224996167
snippets/product-notify-me.liquid:
  development: 2018-04-16T11:34:08-04:00   739e86b36c0e95b591dbb99969cf1031
  production: 2018-02-27T12:53:12-05:00   739e86b36c0e95b591dbb99969cf1031
snippets/product-swatch.liquid:
  development: 2018-04-16T11:34:08-04:00   2e751ffeea35f1f2838cbcb1716901e1
  production: 2018-02-27T12:53:12-05:00   2e751ffeea35f1f2838cbcb1716901e1
snippets/product-thumbnail.liquid:
  development: 2018-04-23T12:28:43-04:00   63c010d0d07b60df70d812dd0a446ba8
  production: 2018-04-20T14:03:30-04:00   63c010d0d07b60df70d812dd0a446ba8
snippets/shogun-head.liquid:
  development: 2018-04-16T11:34:08-04:00   faaee6a598c732cae3f3dcbb66bfffea
  production: 2018-03-23T12:03:03-04:00   faaee6a598c732cae3f3dcbb66bfffea
snippets/shogun-products.liquid:
  development: 2018-04-16T11:34:08-04:00   e07c84fd4bc7145ad654d5574dfb79a1
  production: 2018-03-23T12:02:32-04:00   e07c84fd4bc7145ad654d5574dfb79a1
snippets/sidebar.liquid:
  development: 2018-04-16T11:34:08-04:00   73d4c628dc8aad31a6a8d004c5d06e3f
  production: 2018-02-27T12:53:12-05:00   73d4c628dc8aad31a6a8d004c5d06e3f
snippets/size-chart-popup.liquid:
  development: 2018-04-16T11:34:08-04:00   616b375581d6029eeacd93402a776ef4
  production: 2018-02-27T12:53:12-05:00   616b375581d6029eeacd93402a776ef4
snippets/social-buttons.liquid:
  development: 2018-04-16T11:34:08-04:00   38f3119870d6a32d8c68238a3d86b2c8
  production: 2018-02-27T12:53:12-05:00   38f3119870d6a32d8c68238a3d86b2c8
snippets/social-icons.liquid:
  development: 2018-04-16T11:34:08-04:00   c7cb0ba12d45228b0164aab7263c8ab1
  production: 2018-02-27T12:53:12-05:00   c7cb0ba12d45228b0164aab7263c8ab1
snippets/social-meta-info.liquid:
  development: 2018-04-16T11:34:08-04:00   5ca99bba81dd85bff6dce4159ba49106
  production: 2018-02-27T12:53:12-05:00   5ca99bba81dd85bff6dce4159ba49106
snippets/sock_specs.liquid:
  development: 2018-04-23T12:28:44-04:00   50a09f5b259920a90385c5249dc8788f
  production: 2018-04-20T14:04:45-04:00   50a09f5b259920a90385c5249dc8788f
snippets/sockfancy-limited-edition.liquid:
  development: 2018-04-18T13:00:52-04:00   043cc32af617da190ae0dd2cc2ab3c31
  production: 2018-04-13T14:00:38-04:00   043cc32af617da190ae0dd2cc2ab3c31
snippets/sockfancy-satisfaction-guarantee.liquid:
  development: 2018-04-23T12:35:55-04:00   58cd368a1afe91c7ecf2da5a22490e88
  production: 2018-04-20T14:04:26-04:00   d77259ff1f30afe0c1f18c02387b4778
snippets/sockfancy-shipping-blurb.liquid:
  development: 2018-04-23T12:35:54-04:00   586f7fca039d025a5456a1f825a97f01
  production: 2018-04-20T14:04:36-04:00   c47d4239df2907a102c7f78c20047519
snippets/sockfancy-subscription-yotpo-reviews.liquid:
  development: 2018-04-18T13:00:51-04:00   261cafea61771145d877a0884f2484f2
  production: 2018-04-13T14:00:35-04:00   261cafea61771145d877a0884f2484f2
snippets/sockfancy-swatch-subtitle-lookup.liquid:
  development: 2018-04-18T13:00:58-04:00   4ede78eef15ee42dce81df76f3f653e9
  production: 2018-04-13T14:01:27-04:00   4ede78eef15ee42dce81df76f3f653e9
snippets/sockfancy-tech-specs.liquid:
  development: 2018-04-23T12:56:19-04:00   c1e7074fec9dd8215bc42f0a4a093b76
  production: 2018-04-13T14:00:50-04:00   0f36eb8608659e67dba2e5bf4b9b77e1
snippets/sockfancy-what-we-are-made-of.liquid:
  development: 2018-04-18T13:00:56-04:00   ec02f5fcd10e3e4b54dfc9fdbfa1a52e
  production: 2018-04-13T14:01:03-04:00   ec02f5fcd10e3e4b54dfc9fdbfa1a52e
templates/404.liquid:
  development: 2018-04-16T11:34:08-04:00   5040934d0aa5b24027eb7ff635066789
  production: 2018-02-27T12:53:12-05:00   5040934d0aa5b24027eb7ff635066789
templates/article.liquid:
  development: 2018-04-16T11:34:08-04:00   5daa05ec94a09e61c83de1fdda71d460
  production: 2018-02-27T12:53:12-05:00   5daa05ec94a09e61c83de1fdda71d460
templates/blog.liquid:
  development: 2018-04-16T11:34:08-04:00   2d9763b480fe6879080163b1e0e33e54
  production: 2018-02-27T12:53:12-05:00   2d9763b480fe6879080163b1e0e33e54
templates/cart.liquid:
  development: 2018-04-16T11:34:08-04:00   c60f1e38077e8c7b70506409a1c434a4
  production: 2018-02-28T10:55:13-05:00   c60f1e38077e8c7b70506409a1c434a4
templates/collection.liquid:
  development: 2018-04-16T11:34:08-04:00   5db0256874fca1cc72a6f068888fe095
  production: 2018-02-27T12:53:13-05:00   5db0256874fca1cc72a6f068888fe095
templates/collection.sub-collections.liquid:
  development: 2018-04-16T11:34:08-04:00   f1a77a45fb9f72ebd76d90b7e648770d
  production: 2018-02-27T12:53:13-05:00   f1a77a45fb9f72ebd76d90b7e648770d
templates/customers/account.liquid:
  development: 2018-04-16T11:34:08-04:00   e10fda1bcda1b6623f1ae59fded32c99
  production: 2018-02-28T10:55:14-05:00   e10fda1bcda1b6623f1ae59fded32c99
templates/customers/activate_account.liquid:
  development: 2018-04-16T11:34:08-04:00   63579e0acf06a1645e760f01b508bc7a
  production: 2018-02-27T12:53:13-05:00   63579e0acf06a1645e760f01b508bc7a
templates/customers/addresses.liquid:
  development: 2018-04-16T11:34:08-04:00   c6f4c646cb8087161f827bd68b612487
  production: 2018-02-27T12:53:13-05:00   c6f4c646cb8087161f827bd68b612487
templates/customers/login.liquid:
  development: 2018-04-16T11:34:08-04:00   4c29025a69aaf9338d43f7124efe0b5e
  production: 2018-02-27T12:53:13-05:00   4c29025a69aaf9338d43f7124efe0b5e
templates/customers/order.liquid:
  development: 2018-04-16T11:34:09-04:00   7685510b988fb269c079e8642f5f2247
  production: 2018-02-27T12:53:13-05:00   7685510b988fb269c079e8642f5f2247
templates/customers/register.liquid:
  development: 2018-04-16T11:34:09-04:00   8788f89267b98acc41e358d9ed13b939
  production: 2018-02-27T12:53:13-05:00   8788f89267b98acc41e358d9ed13b939
templates/customers/reset_password.liquid:
  development: 2018-04-16T11:34:09-04:00   54827de6a39796029f090370a5d83c2a
  production: 2018-02-27T12:53:13-05:00   54827de6a39796029f090370a5d83c2a
templates/gift_card.liquid:
  development: 2018-04-16T11:34:09-04:00   46aadc768db240195955e924e253b246
  production: 2018-02-27T12:53:13-05:00   46aadc768db240195955e924e253b246
templates/index.liquid:
  development: 2018-04-23T12:28:41-04:00   fbfe1023243767406471e4aec280aa62
  production: 2018-04-20T14:04:11-04:00   fbfe1023243767406471e4aec280aa62
templates/list-collections.liquid:
  development: 2018-04-16T11:34:09-04:00   6c951a94c4d7b8b9e36c0e655df45ed5
  production: 2018-02-27T12:53:13-05:00   6c951a94c4d7b8b9e36c0e655df45ed5
templates/page.banner.liquid:
  development: 2018-04-16T11:34:09-04:00   b06daadf4ee3030ccbdd06accc465761
  production: 2018-02-27T12:53:13-05:00   b06daadf4ee3030ccbdd06accc465761
templates/page.contact.liquid:
  development: 2018-04-16T11:34:09-04:00   604e442800374eff6c46d42563c2a374
  production: 2018-04-13T11:14:37-04:00   604e442800374eff6c46d42563c2a374
templates/page.details.liquid:
  development: 2018-04-16T11:34:09-04:00   b76442952ffb97be2cd607b4aa41c1d9
  production: 2018-02-27T12:53:14-05:00   b76442952ffb97be2cd607b4aa41c1d9
templates/page.gallery.liquid:
  development: 2018-04-16T11:34:09-04:00   097b35cc6d9ed432a15408ef149d08e5
  production: 2018-02-27T12:53:14-05:00   097b35cc6d9ed432a15408ef149d08e5
templates/page.liquid:
  development: 2018-04-18T14:35:18-04:00   f5176e908d4cdf8c3a1ce3082613a12d
  production: 2018-04-20T14:03:32-04:00   f5176e908d4cdf8c3a1ce3082613a12d
templates/page.multi-column.liquid:
  development: 2018-04-16T11:34:09-04:00   391ece5c4a4509e5d8308d8fcb299fb7
  production: 2018-02-27T12:53:14-05:00   391ece5c4a4509e5d8308d8fcb299fb7
templates/page.narrow.liquid:
  development: 2018-04-16T11:34:09-04:00   70968f361d372d9db58f7724e5e6c753
  production: 2018-02-27T12:53:14-05:00   70968f361d372d9db58f7724e5e6c753
templates/page.no-title.liquid:
  development: 2018-04-16T11:34:09-04:00   a81eea23d593e4da9e6e7ff031de1ca6
  production: 2018-02-27T12:53:14-05:00   a81eea23d593e4da9e6e7ff031de1ca6
templates/page.shogun.default.liquid:
  development: 2018-04-16T11:34:09-04:00   d375f4e26811abdf49fb7a836a509df7
  production: 2018-04-16T11:46:31-04:00   d375f4e26811abdf49fb7a836a509df7
templates/page.shogun.landing.liquid:
  development: 2018-04-16T11:34:09-04:00   f44efeeb63b8d4740f7fe2f88a5d19eb
  production: 2018-03-23T12:02:32-04:00   f44efeeb63b8d4740f7fe2f88a5d19eb
templates/page.sidebar.liquid:
  development: 2018-04-16T11:34:09-04:00   a6e66bf06484751c1d9abfdd3dd1a775
  production: 2018-02-27T12:53:14-05:00   a6e66bf06484751c1d9abfdd3dd1a775
templates/page.wide.liquid:
  development: 2018-04-16T11:34:09-04:00   6f9608f1a37098c52055726c829b1615
  production: 2018-02-27T12:53:14-05:00   6f9608f1a37098c52055726c829b1615
templates/password.liquid:
  development: 2018-04-16T11:34:09-04:00   a8ceb6357f9e916a9de46dc87c02ab22
  production: 2018-02-27T12:53:14-05:00   a8ceb6357f9e916a9de46dc87c02ab22
templates/product.description-bottom.liquid:
  development: 2018-04-16T11:34:09-04:00   6eaa0878ae51a9846af4f9b6a812a1a4
  production: 2018-02-27T12:53:14-05:00   6eaa0878ae51a9846af4f9b6a812a1a4
templates/product.details.liquid:
  development: 2018-04-23T12:28:42-04:00   01375adb58fb2322a1a6acdf251bf52e
  production: 2018-04-20T14:03:52-04:00   01375adb58fb2322a1a6acdf251bf52e
templates/product.liquid:
  development: 2018-04-23T16:32:03-04:00   5b56fa5f237e1e7005cb616ed5aac7eb
  production: 2018-04-20T14:04:41-04:00   e4f2084b08761730ae2c86fa3d221112
templates/product.shogun.custom.liquid:
  development: 2018-04-16T11:34:10-04:00   b86413170e83c14e3a6ba3638caff034
  production: 2018-03-23T12:02:33-04:00   b86413170e83c14e3a6ba3638caff034
templates/product.subscription.liquid:
  development: 2018-04-23T12:28:37-04:00   4c84650a99df4e63f9206fbcedfb8eb3
  production: 2018-04-20T14:04:32-04:00   4c84650a99df4e63f9206fbcedfb8eb3
templates/search.liquid:
  development: 2018-04-16T11:34:10-04:00   d8bfdd344b4a35a7ba9c6efc1c870203
  production: 2018-02-27T12:53:15-05:00   d8bfdd344b4a35a7ba9c6efc1c870203
